
Microsoft Visual Studio Solution File, Format Version 12.00
# Visual Studio Version 16
VisualStudioVersion = 16.0.29728.190
MinimumVisualStudioVersion = 10.0.40219.1
Project("{FAE04EC0-301F-11D3-BF4B-00C04F79EFBC}") = "MicroCompany", "MicroCompany\MicroCompany.csproj", "{2FEA9F5F-2F50-48BE-A5B5-8D1BEB5C8D09}"
EndProject
Global
	GlobalSection(SolutionConfigurationPlatforms) = preSolution
		Debug|Any CPU = Debug|Any CPU
		Release|Any CPU = Release|Any CPU
	EndGlobalSection
	GlobalSection(ProjectConfigurationPlatforms) = postSolution
		{2FEA9F5F-2F50-48BE-A5B5-8D1BEB5C8D09}.Debug|Any CPU.ActiveCfg = Debug|Any CPU
		{2FEA9F5F-2F50-48BE-A5B5-8D1BEB5C8D09}.Debug|Any CPU.Build.0 = Debug|Any CPU
		{2FEA9F5F-2F50-48BE-A5B5-8D1BEB5C8D09}.Release|Any CPU.ActiveCfg = Release|Any CPU
		{2FEA9F5F-2F50-48BE-A5B5-8D1BEB5C8D09}.Release|Any CPU.Build.0 = Release|Any CPU
	EndGlobalSection
	GlobalSection(SolutionProperties) = preSolution
		HideSolutionNode = FALSE
	EndGlobalSection
	GlobalSection(ExtensibilityGlobals) = postSolution
		SolutionGuid = {738710CA-5215-4F5F-9F55-A9BA58AFDAF7}
	EndGlobalSection
EndGlobal
